// !$*UTF8*$!
{
	archiveVersion = 1;
	classes = {
	};
	objectVersion = 56;
	objects = {

/* Begin PBXBuildFile section */
		6E2F0D4D2B43AC06008623FC /* LibRyujinx.dylib in Frameworks */ = {isa = PBXBuildFile; fileRef = 6E5EAF992B429231002CDADA /* LibRyujinx.dylib */; };
		6E2F0D4E2B43AC18008623FC /* LibRyujinx.dylib in CopyFiles */ = {isa = PBXBuildFile; fileRef = 6E5EAF992B429231002CDADA /* LibRyujinx.dylib */; settings = {ATTRIBUTES = (CodeSignOnCopy, ); }; };
		6E44B68F2B44AAEC0040C9DD /* Game.swift in Sources */ = {isa = PBXBuildFile; fileRef = 6E44B68E2B44AAEC0040C9DD /* Game.swift */; };
		6E5EAF7E2B422D73002CDADA /* RyujinxApp.swift in Sources */ = {isa = PBXBuildFile; fileRef = 6E5EAF7D2B422D73002CDADA /* RyujinxApp.swift */; };
		6E5EAF802B422D73002CDADA /* ContentView.swift in Sources */ = {isa = PBXBuildFile; fileRef = 6E5EAF7F2B422D73002CDADA /* ContentView.swift */; };
		6E5EAF822B422D74002CDADA /* Assets.xcassets in Resources */ = {isa = PBXBuildFile; fileRef = 6E5EAF812B422D74002CDADA /* Assets.xcassets */; };
		6E5EAF852B422D74002CDADA /* Preview Assets.xcassets in Resources */ = {isa = PBXBuildFile; fileRef = 6E5EAF842B422D74002CDADA /* Preview Assets.xcassets */; };
		6E5EAF8C2B423453002CDADA /* LibraryView.swift in Sources */ = {isa = PBXBuildFile; fileRef = 6E5EAF8B2B423453002CDADA /* LibraryView.swift */; };
		6E5EAF8E2B423523002CDADA /* SettingsView.swift in Sources */ = {isa = PBXBuildFile; fileRef = 6E5EAF8D2B423523002CDADA /* SettingsView.swift */; };
		6E5EAF922B42382E002CDADA /* RegionCode.swift in Sources */ = {isa = PBXBuildFile; fileRef = 6E5EAF912B42382E002CDADA /* RegionCode.swift */; };
		6E5EAF942B42391B002CDADA /* SystemLanguage.swift in Sources */ = {isa = PBXBuildFile; fileRef = 6E5EAF932B42391B002CDADA /* SystemLanguage.swift */; };
		6E5EAF962B423E87002CDADA /* GameView.swift in Sources */ = {isa = PBXBuildFile; fileRef = 6E5EAF952B423E87002CDADA /* GameView.swift */; };
		6EEA8E952B43D94E00912A81 /* RyujinxSettings.swift in Sources */ = {isa = PBXBuildFile; fileRef = 6EEA8E942B43D94E00912A81 /* RyujinxSettings.swift */; };
		6EEA8E982B43E0AF00912A81 /* Settings.swift in Sources */ = {isa = PBXBuildFile; fileRef = 6EEA8E972B43E0AF00912A81 /* Settings.swift */; };
/* End PBXBuildFile section */

/* Begin PBXCopyFilesBuildPhase section */
		6E5EAF9E2B429231002CDADA /* Embed Libraries */ = {
			isa = PBXCopyFilesBuildPhase;
			buildActionMask = 2147483647;
			dstPath = "";
			dstSubfolderSpec = 10;
			files = (
			);
			name = "Embed Libraries";
			runOnlyForDeploymentPostprocessing = 0;
		};
		6E5EAFBF2B43737F002CDADA /* CopyFiles */ = {
			isa = PBXCopyFilesBuildPhase;
			buildActionMask = 2147483647;
			dstPath = "";
			dstSubfolderSpec = 10;
			files = (
				6E2F0D4E2B43AC18008623FC /* LibRyujinx.dylib in CopyFiles */,
			);
			runOnlyForDeploymentPostprocessing = 0;
		};
/* End PBXCopyFilesBuildPhase section */

/* Begin PBXFileReference section */
		6E44B68E2B44AAEC0040C9DD /* Game.swift */ = {isa = PBXFileReference; lastKnownFileType = sourcecode.swift; path = Game.swift; sourceTree = "<group>"; };
		6E5EAF7A2B422D73002CDADA /* Ryujinx.app */ = {isa = PBXFileReference; explicitFileType = wrapper.application; includeInIndex = 0; path = Ryujinx.app; sourceTree = BUILT_PRODUCTS_DIR; };
		6E5EAF7D2B422D73002CDADA /* RyujinxApp.swift */ = {isa = PBXFileReference; lastKnownFileType = sourcecode.swift; path = RyujinxApp.swift; sourceTree = "<group>"; };
		6E5EAF7F2B422D73002CDADA /* ContentView.swift */ = {isa = PBXFileReference; lastKnownFileType = sourcecode.swift; path = ContentView.swift; sourceTree = "<group>"; };
		6E5EAF812B422D74002CDADA /* Assets.xcassets */ = {isa = PBXFileReference; lastKnownFileType = folder.assetcatalog; path = Assets.xcassets; sourceTree = "<group>"; };
		6E5EAF842B422D74002CDADA /* Preview Assets.xcassets */ = {isa = PBXFileReference; lastKnownFileType = folder.assetcatalog; path = "Preview Assets.xcassets"; sourceTree = "<group>"; };
		6E5EAF8B2B423453002CDADA /* LibraryView.swift */ = {isa = PBXFileReference; lastKnownFileType = sourcecode.swift; path = LibraryView.swift; sourceTree = "<group>"; };
		6E5EAF8D2B423523002CDADA /* SettingsView.swift */ = {isa = PBXFileReference; lastKnownFileType = sourcecode.swift; path = SettingsView.swift; sourceTree = "<group>"; };
		6E5EAF912B42382E002CDADA /* RegionCode.swift */ = {isa = PBXFileReference; lastKnownFileType = sourcecode.swift; path = RegionCode.swift; sourceTree = "<group>"; };
		6E5EAF932B42391B002CDADA /* SystemLanguage.swift */ = {isa = PBXFileReference; lastKnownFileType = sourcecode.swift; path = SystemLanguage.swift; sourceTree = "<group>"; };
		6E5EAF952B423E87002CDADA /* GameView.swift */ = {isa = PBXFileReference; lastKnownFileType = sourcecode.swift; path = GameView.swift; sourceTree = "<group>"; };
		6E5EAF992B429231002CDADA /* LibRyujinx.dylib */ = {isa = PBXFileReference; lastKnownFileType = "compiled.mach-o.dylib"; name = LibRyujinx.dylib; path = "../LibRyujinx/bin/Release/net8.0/ios-arm64/publish/LibRyujinx.dylib"; sourceTree = "<group>"; };
		6E5EAFA72B429760002CDADA /* LibRyujinx.h */ = {isa = PBXFileReference; lastKnownFileType = sourcecode.c.h; path = LibRyujinx.h; sourceTree = "<group>"; };
		6E5EAFBE2B437275002CDADA /* module.map */ = {isa = PBXFileReference; lastKnownFileType = "sourcecode.module-map"; path = module.map; sourceTree = "<group>"; };
		6E5EAFC32B4387BB002CDADA /* Ryujinx.entitlements */ = {isa = PBXFileReference; lastKnownFileType = text.plist.entitlements; path = Ryujinx.entitlements; sourceTree = "<group>"; };
		6E5EAFC42B4387D8002CDADA /* Info.plist */ = {isa = PBXFileReference; lastKnownFileType = text.plist; path = Info.plist; sourceTree = "<group>"; };
		6EEA8E942B43D94E00912A81 /* RyujinxSettings.swift */ = {isa = PBXFileReference; lastKnownFileType = sourcecode.swift; path = RyujinxSettings.swift; sourceTree = "<group>"; };
		6EEA8E972B43E0AF00912A81 /* Settings.swift */ = {isa = PBXFileReference; lastKnownFileType = sourcecode.swift; path = Settings.swift; sourceTree = "<group>"; };
/* End PBXFileReference section */

/* Begin PBXFrameworksBuildPhase section */
		6E5EAF772B422D73002CDADA /* Frameworks */ = {
			isa = PBXFrameworksBuildPhase;
			buildActionMask = 2147483647;
			files = (
				6E2F0D4D2B43AC06008623FC /* LibRyujinx.dylib in Frameworks */,
			);
			runOnlyForDeploymentPostprocessing = 0;
		};
/* End PBXFrameworksBuildPhase section */

/* Begin PBXGroup section */
		6E5EAF712B422D73002CDADA = {
			isa = PBXGroup;
			children = (
				6E5EAF7C2B422D73002CDADA /* Ryujinx */,
				6E5EAFA62B429760002CDADA /* LibRyujinx */,
				6E5EAF7B2B422D73002CDADA /* Products */,
				6E5EAF972B429231002CDADA /* Frameworks */,
			);
			sourceTree = "<group>";
		};
		6E5EAF7B2B422D73002CDADA /* Products */ = {
			isa = PBXGroup;
			children = (
				6E5EAF7A2B422D73002CDADA /* Ryujinx.app */,
			);
			name = Products;
			sourceTree = "<group>";
		};
		6E5EAF7C2B422D73002CDADA /* Ryujinx */ = {
			isa = PBXGroup;
			children = (
				6E5EAFC42B4387D8002CDADA /* Info.plist */,
				6E5EAFC32B4387BB002CDADA /* Ryujinx.entitlements */,
				6E5EAF7D2B422D73002CDADA /* RyujinxApp.swift */,
				6EEA8E962B43E09E00912A81 /* View Models */,
				6E5EAF8F2B42380D002CDADA /* Views */,
				6E5EAF902B423817002CDADA /* Models */,
				6E5EAF812B422D74002CDADA /* Assets.xcassets */,
				6E5EAF832B422D74002CDADA /* Preview Content */,
			);
			path = Ryujinx;
			sourceTree = "<group>";
		};
		6E5EAF832B422D74002CDADA /* Preview Content */ = {
			isa = PBXGroup;
			children = (
				6E5EAF842B422D74002CDADA /* Preview Assets.xcassets */,
			);
			path = "Preview Content";
			sourceTree = "<group>";
		};
		6E5EAF8F2B42380D002CDADA /* Views */ = {
			isa = PBXGroup;
			children = (
				6E5EAF8B2B423453002CDADA /* LibraryView.swift */,
				6E5EAF952B423E87002CDADA /* GameView.swift */,
				6E5EAF8D2B423523002CDADA /* SettingsView.swift */,
				6E5EAF7F2B422D73002CDADA /* ContentView.swift */,
			);
			path = Views;
			sourceTree = "<group>";
		};
		6E5EAF902B423817002CDADA /* Models */ = {
			isa = PBXGroup;
			children = (
				6E44B68E2B44AAEC0040C9DD /* Game.swift */,
				6E5EAF912B42382E002CDADA /* RegionCode.swift */,
				6E5EAF932B42391B002CDADA /* SystemLanguage.swift */,
				6EEA8E942B43D94E00912A81 /* RyujinxSettings.swift */,
			);
			path = Models;
			sourceTree = "<group>";
		};
		6E5EAF972B429231002CDADA /* Frameworks */ = {
			isa = PBXGroup;
			children = (
				6E5EAF992B429231002CDADA /* LibRyujinx.dylib */,
			);
			name = Frameworks;
			sourceTree = "<group>";
		};
		6E5EAFA62B429760002CDADA /* LibRyujinx */ = {
			isa = PBXGroup;
			children = (
				6E5EAFA72B429760002CDADA /* LibRyujinx.h */,
				6E5EAFBE2B437275002CDADA /* module.map */,
			);
			path = LibRyujinx;
			sourceTree = "<group>";
		};
		6EEA8E962B43E09E00912A81 /* View Models */ = {
			isa = PBXGroup;
			children = (
				6EEA8E972B43E0AF00912A81 /* Settings.swift */,
			);
			path = "View Models";
			sourceTree = "<group>";
		};
/* End PBXGroup section */

/* Begin PBXNativeTarget section */
		6E5EAF792B422D73002CDADA /* Ryujinx */ = {
			isa = PBXNativeTarget;
			buildConfigurationList = 6E5EAF882B422D74002CDADA /* Build configuration list for PBXNativeTarget "Ryujinx" */;
			buildPhases = (
				6E5EAF762B422D73002CDADA /* Sources */,
				6E5EAFBF2B43737F002CDADA /* CopyFiles */,
				6E5EAF772B422D73002CDADA /* Frameworks */,
				6E5EAF782B422D73002CDADA /* Resources */,
				6E5EAF9E2B429231002CDADA /* Embed Libraries */,
			);
			buildRules = (
			);
			dependencies = (
			);
			name = Ryujinx;
			productName = Ryujinx;
			productReference = 6E5EAF7A2B422D73002CDADA /* Ryujinx.app */;
			productType = "com.apple.product-type.application";
		};
/* End PBXNativeTarget section */

/* Begin PBXProject section */
		6E5EAF722B422D73002CDADA /* Project object */ = {
			isa = PBXProject;
			attributes = {
				BuildIndependentTargetsInParallel = 1;
				LastSwiftUpdateCheck = 1510;
				LastUpgradeCheck = 1510;
				TargetAttributes = {
					6E5EAF792B422D73002CDADA = {
						CreatedOnToolsVersion = 15.1;
					};
				};
			};
			buildConfigurationList = 6E5EAF752B422D73002CDADA /* Build configuration list for PBXProject "Ryujinx" */;
			compatibilityVersion = "Xcode 14.0";
			developmentRegion = en;
			hasScannedForEncodings = 0;
			knownRegions = (
				en,
				Base,
			);
			mainGroup = 6E5EAF712B422D73002CDADA;
			productRefGroup = 6E5EAF7B2B422D73002CDADA /* Products */;
			projectDirPath = "";
			projectRoot = "";
			targets = (
				6E5EAF792B422D73002CDADA /* Ryujinx */,
			);
		};
/* End PBXProject section */

/* Begin PBXResourcesBuildPhase section */
		6E5EAF782B422D73002CDADA /* Resources */ = {
			isa = PBXResourcesBuildPhase;
			buildActionMask = 2147483647;
			files = (
				6E5EAF852B422D74002CDADA /* Preview Assets.xcassets in Resources */,
				6E5EAF822B422D74002CDADA /* Assets.xcassets in Resources */,
			);
			runOnlyForDeploymentPostprocessing = 0;
		};
/* End PBXResourcesBuildPhase section */

/* Begin PBXSourcesBuildPhase section */
		6E5EAF762B422D73002CDADA /* Sources */ = {
			isa = PBXSourcesBuildPhase;
			buildActionMask = 2147483647;
			files = (
				6E5EAF942B42391B002CDADA /* SystemLanguage.swift in Sources */,
				6E44B68F2B44AAEC0040C9DD /* Game.swift in Sources */,
				6E5EAF802B422D73002CDADA /* ContentView.swift in Sources */,
				6EEA8E952B43D94E00912A81 /* RyujinxSettings.swift in Sources */,
				6E5EAF8E2B423523002CDADA /* SettingsView.swift in Sources */,
				6E5EAF8C2B423453002CDADA /* LibraryView.swift in Sources */,
				6E5EAF7E2B422D73002CDADA /* RyujinxApp.swift in Sources */,
				6EEA8E982B43E0AF00912A81 /* Settings.swift in Sources */,
				6E5EAF922B42382E002CDADA /* RegionCode.swift in Sources */,
				6E5EAF962B423E87002CDADA /* GameView.swift in Sources */,
			);
			runOnlyForDeploymentPostprocessing = 0;
		};
/* End PBXSourcesBuildPhase section */

/* Begin XCBuildConfiguration section */
		6E5EAF862B422D74002CDADA /* Debug */ = {
			isa = XCBuildConfiguration;
			buildSettings = {
				ALWAYS_SEARCH_USER_PATHS = NO;
				ASSETCATALOG_COMPILER_GENERATE_SWIFT_ASSET_SYMBOL_EXTENSIONS = YES;
				CLANG_ANALYZER_NONNULL = YES;
				CLANG_ANALYZER_NUMBER_OBJECT_CONVERSION = YES_AGGRESSIVE;
				CLANG_CXX_LANGUAGE_STANDARD = "gnu++20";
				CLANG_ENABLE_MODULES = YES;
				CLANG_ENABLE_OBJC_ARC = YES;
				CLANG_ENABLE_OBJC_WEAK = YES;
				CLANG_WARN_BLOCK_CAPTURE_AUTORELEASING = YES;
				CLANG_WARN_BOOL_CONVERSION = YES;
				CLANG_WARN_COMMA = YES;
				CLANG_WARN_CONSTANT_CONVERSION = YES;
				CLANG_WARN_DEPRECATED_OBJC_IMPLEMENTATIONS = YES;
				CLANG_WARN_DIRECT_OBJC_ISA_USAGE = YES_ERROR;
				CLANG_WARN_DOCUMENTATION_COMMENTS = YES;
				CLANG_WARN_EMPTY_BODY = YES;
				CLANG_WARN_ENUM_CONVERSION = YES;
				CLANG_WARN_INFINITE_RECURSION = YES;
				CLANG_WARN_INT_CONVERSION = YES;
				CLANG_WARN_NON_LITERAL_NULL_CONVERSION = YES;
				CLANG_WARN_OBJC_IMPLICIT_RETAIN_SELF = YES;
				CLANG_WARN_OBJC_LITERAL_CONVERSION = YES;
				CLANG_WARN_OBJC_ROOT_CLASS = YES_ERROR;
				CLANG_WARN_QUOTED_INCLUDE_IN_FRAMEWORK_HEADER = YES;
				CLANG_WARN_RANGE_LOOP_ANALYSIS = YES;
				CLANG_WARN_STRICT_PROTOTYPES = YES;
				CLANG_WARN_SUSPICIOUS_MOVE = YES;
				CLANG_WARN_UNGUARDED_AVAILABILITY = YES_AGGRESSIVE;
				CLANG_WARN_UNREACHABLE_CODE = YES;
				CLANG_WARN__DUPLICATE_METHOD_MATCH = YES;
				COPY_PHASE_STRIP = NO;
				DEBUG_INFORMATION_FORMAT = dwarf;
				ENABLE_STRICT_OBJC_MSGSEND = YES;
				ENABLE_TESTABILITY = YES;
				ENABLE_USER_SCRIPT_SANDBOXING = YES;
				GCC_C_LANGUAGE_STANDARD = gnu17;
				GCC_DYNAMIC_NO_PIC = NO;
				GCC_NO_COMMON_BLOCKS = YES;
				GCC_OPTIMIZATION_LEVEL = 0;
				GCC_PREPROCESSOR_DEFINITIONS = (
					"DEBUG=1",
					"$(inherited)",
				);
				GCC_WARN_64_TO_32_BIT_CONVERSION = YES;
				GCC_WARN_ABOUT_RETURN_TYPE = YES_ERROR;
				GCC_WARN_UNDECLARED_SELECTOR = YES;
				GCC_WARN_UNINITIALIZED_AUTOS = YES_AGGRESSIVE;
				GCC_WARN_UNUSED_FUNCTION = YES;
				GCC_WARN_UNUSED_VARIABLE = YES;
				IPHONEOS_DEPLOYMENT_TARGET = 17.2;
				LOCALIZATION_PREFERS_STRING_CATALOGS = YES;
				MTL_ENABLE_DEBUG_INFO = INCLUDE_SOURCE;
				MTL_FAST_MATH = YES;
				ONLY_ACTIVE_ARCH = YES;
				SDKROOT = iphoneos;
				SWIFT_ACTIVE_COMPILATION_CONDITIONS = "DEBUG $(inherited)";
				SWIFT_INCLUDE_PATHS = ./LibRyujinx;
				SWIFT_OPTIMIZATION_LEVEL = "-Onone";
			};
			name = Debug;
		};
		6E5EAF872B422D74002CDADA /* Release */ = {
			isa = XCBuildConfiguration;
			buildSettings = {
				ALWAYS_SEARCH_USER_PATHS = NO;
				ASSETCATALOG_COMPILER_GENERATE_SWIFT_ASSET_SYMBOL_EXTENSIONS = YES;
				CLANG_ANALYZER_NONNULL = YES;
				CLANG_ANALYZER_NUMBER_OBJECT_CONVERSION = YES_AGGRESSIVE;
				CLANG_CXX_LANGUAGE_STANDARD = "gnu++20";
				CLANG_ENABLE_MODULES = YES;
				CLANG_ENABLE_OBJC_ARC = YES;
				CLANG_ENABLE_OBJC_WEAK = YES;
				CLANG_WARN_BLOCK_CAPTURE_AUTORELEASING = YES;
				CLANG_WARN_BOOL_CONVERSION = YES;
				CLANG_WARN_COMMA = YES;
				CLANG_WARN_CONSTANT_CONVERSION = YES;
				CLANG_WARN_DEPRECATED_OBJC_IMPLEMENTATIONS = YES;
				CLANG_WARN_DIRECT_OBJC_ISA_USAGE = YES_ERROR;
				CLANG_WARN_DOCUMENTATION_COMMENTS = YES;
				CLANG_WARN_EMPTY_BODY = YES;
				CLANG_WARN_ENUM_CONVERSION = YES;
				CLANG_WARN_INFINITE_RECURSION = YES;
				CLANG_WARN_INT_CONVERSION = YES;
				CLANG_WARN_NON_LITERAL_NULL_CONVERSION = YES;
				CLANG_WARN_OBJC_IMPLICIT_RETAIN_SELF = YES;
				CLANG_WARN_OBJC_LITERAL_CONVERSION = YES;
				CLANG_WARN_OBJC_ROOT_CLASS = YES_ERROR;
				CLANG_WARN_QUOTED_INCLUDE_IN_FRAMEWORK_HEADER = YES;
				CLANG_WARN_RANGE_LOOP_ANALYSIS = YES;
				CLANG_WARN_STRICT_PROTOTYPES = YES;
				CLANG_WARN_SUSPICIOUS_MOVE = YES;
				CLANG_WARN_UNGUARDED_AVAILABILITY = YES_AGGRESSIVE;
				CLANG_WARN_UNREACHABLE_CODE = YES;
				CLANG_WARN__DUPLICATE_METHOD_MATCH = YES;
				COPY_PHASE_STRIP = NO;
				DEBUG_INFORMATION_FORMAT = "dwarf-with-dsym";
				ENABLE_NS_ASSERTIONS = NO;
				ENABLE_STRICT_OBJC_MSGSEND = YES;
				ENABLE_USER_SCRIPT_SANDBOXING = YES;
				GCC_C_LANGUAGE_STANDARD = gnu17;
				GCC_NO_COMMON_BLOCKS = YES;
				GCC_WARN_64_TO_32_BIT_CONVERSION = YES;
				GCC_WARN_ABOUT_RETURN_TYPE = YES_ERROR;
				GCC_WARN_UNDECLARED_SELECTOR = YES;
				GCC_WARN_UNINITIALIZED_AUTOS = YES_AGGRESSIVE;
				GCC_WARN_UNUSED_FUNCTION = YES;
				GCC_WARN_UNUSED_VARIABLE = YES;
				IPHONEOS_DEPLOYMENT_TARGET = 17.2;
				LOCALIZATION_PREFERS_STRING_CATALOGS = YES;
				MTL_ENABLE_DEBUG_INFO = NO;
				MTL_FAST_MATH = YES;
				SDKROOT = iphoneos;
				SWIFT_COMPILATION_MODE = wholemodule;
				SWIFT_INCLUDE_PATHS = ./LibRyujinx;
				VALIDATE_PRODUCT = YES;
			};
			name = Release;
		};
		6E5EAF892B422D74002CDADA /* Debug */ = {
			isa = XCBuildConfiguration;
			buildSettings = {
				ASSETCATALOG_COMPILER_APPICON_NAME = AppIcon;
				ASSETCATALOG_COMPILER_GLOBAL_ACCENT_COLOR_NAME = AccentColor;
				CODE_SIGN_ENTITLEMENTS = Ryujinx/Ryujinx.entitlements;
				CODE_SIGN_STYLE = Automatic;
				CURRENT_PROJECT_VERSION = 1;
				DEVELOPMENT_ASSET_PATHS = "\"Ryujinx/Preview Content\"";
				DEVELOPMENT_TEAM = 92S3SG4PTH;
				ENABLE_PREVIEWS = YES;
				GENERATE_INFOPLIST_FILE = YES;
				INFOPLIST_FILE = Ryujinx/Info.plist;
				INFOPLIST_KEY_LSApplicationCategoryType = "public.app-category.games";
				INFOPLIST_KEY_UIApplicationSceneManifest_Generation = YES;
				INFOPLIST_KEY_UIApplicationSupportsIndirectInputEvents = YES;
				INFOPLIST_KEY_UILaunchScreen_Generation = YES;
				INFOPLIST_KEY_UISupportedInterfaceOrientations_iPad = "UIInterfaceOrientationPortrait UIInterfaceOrientationPortraitUpsideDown UIInterfaceOrientationLandscapeLeft UIInterfaceOrientationLandscapeRight";
				INFOPLIST_KEY_UISupportedInterfaceOrientations_iPhone = "UIInterfaceOrientationPortrait UIInterfaceOrientationLandscapeLeft UIInterfaceOrientationLandscapeRight";
				IPHONEOS_DEPLOYMENT_TARGET = 17.0;
				LD_RUNPATH_SEARCH_PATHS = (
					"$(inherited)",
					"@executable_path/Frameworks",
				);
				MARKETING_VERSION = 1.0;
				PRODUCT_BUNDLE_IDENTIFIER = org.ryujinx.Ryujinx;
				PRODUCT_NAME = "$(TARGET_NAME)";
				SWIFT_EMIT_LOC_STRINGS = YES;
				SWIFT_VERSION = 5.0;
				TARGETED_DEVICE_FAMILY = "1,2";
			};
			name = Debug;
		};
		6E5EAF8A2B422D74002CDADA /* Release */ = {
			isa = XCBuildConfiguration;
			buildSettings = {
				ASSETCATALOG_COMPILER_APPICON_NAME = AppIcon;
				ASSETCATALOG_COMPILER_GLOBAL_ACCENT_COLOR_NAME = AccentColor;
				CODE_SIGN_ENTITLEMENTS = Ryujinx/Ryujinx.entitlements;
				CODE_SIGN_STYLE = Automatic;
				CURRENT_PROJECT_VERSION = 1;
				DEVELOPMENT_ASSET_PATHS = "\"Ryujinx/Preview Content\"";
				DEVELOPMENT_TEAM = 92S3SG4PTH;
				ENABLE_PREVIEWS = YES;
				GENERATE_INFOPLIST_FILE = YES;
				INFOPLIST_FILE = Ryujinx/Info.plist;
				INFOPLIST_KEY_LSApplicationCategoryType = "public.app-category.games";
				INFOPLIST_KEY_UIApplicationSceneManifest_Generation = YES;
				INFOPLIST_KEY_UIApplicationSupportsIndirectInputEvents = YES;
				INFOPLIST_KEY_UILaunchScreen_Generation = YES;
				INFOPLIST_KEY_UISupportedInterfaceOrientations_iPad = "UIInterfaceOrientationPortrait UIInterfaceOrientationPortraitUpsideDown UIInterfaceOrientationLandscapeLeft UIInterfaceOrientationLandscapeRight";
				INFOPLIST_KEY_UISupportedInterfaceOrientations_iPhone = "UIInterfaceOrientationPortrait UIInterfaceOrientationLandscapeLeft UIInterfaceOrientationLandscapeRight";
				IPHONEOS_DEPLOYMENT_TARGET = 17.0;
				LD_RUNPATH_SEARCH_PATHS = (
					"$(inherited)",
					"@executable_path/Frameworks",
				);
				MARKETING_VERSION = 1.0;
				PRODUCT_BUNDLE_IDENTIFIER = org.ryujinx.Ryujinx;
				PRODUCT_NAME = "$(TARGET_NAME)";
				SWIFT_EMIT_LOC_STRINGS = YES;
				SWIFT_VERSION = 5.0;
				TARGETED_DEVICE_FAMILY = "1,2";
			};
			name = Release;
		};
/* End XCBuildConfiguration section */

/* Begin XCConfigurationList section */
		6E5EAF752B422D73002CDADA /* Build configuration list for PBXProject "Ryujinx" */ = {
			isa = XCConfigurationList;
			buildConfigurations = (
				6E5EAF862B422D74002CDADA /* Debug */,
				6E5EAF872B422D74002CDADA /* Release */,
			);
			defaultConfigurationIsVisible = 0;
			defaultConfigurationName = Release;
		};
		6E5EAF882B422D74002CDADA /* Build configuration list for PBXNativeTarget "Ryujinx" */ = {
			isa = XCConfigurationList;
			buildConfigurations = (
				6E5EAF892B422D74002CDADA /* Debug */,
				6E5EAF8A2B422D74002CDADA /* Release */,
			);
			defaultConfigurationIsVisible = 0;
			defaultConfigurationName = Release;
		};
/* End XCConfigurationList section */
	};
	rootObject = 6E5EAF722B422D73002CDADA /* Project object */;
}
